
Microsoft Visual Studio Solution File, Format Version 12.00
# Visual Studio Version 16
VisualStudioVersion = 16.0.30709.132
MinimumVisualStudioVersion = 10.0.40219.1
Project("{8BC9CEB8-8B4A-11D0-8D11-00A0C91BC942}") = "Problem1", "Problem1\Problem1.vcxproj", "{C2D06E4A-0B92-49DB-BAFA-0678A9D430F9}"
EndProject
Project("{8BC9CEB8-8B4A-11D0-8D11-00A0C91BC942}") = "Problem2", "Problem2\Problem2.vcxproj", "{82D28C88-66D9-4C49-B687-5B7570CD1A7A}"
EndProject
Global
	GlobalSection(SolutionConfigurationPlatforms) = preSolution
		Debug|x64 = Debug|x64
		Debug|x86 = Debug|x86
		Release|x64 = Release|x64
		Release|x86 = Release|x86
	EndGlobalSection
	GlobalSection(ProjectConfigurationPlatforms) = postSolution
		{C2D06E4A-0B92-49DB-BAFA-0678A9D430F9}.Debug|x64.ActiveCfg = Debug|x64
		{C2D06E4A-0B92-49DB-BAFA-0678A9D430F9}.Debug|x64.Build.0 = Debug|x64
		{C2D06E4A-0B92-49DB-BAFA-0678A9D430F9}.Debug|x86.ActiveCfg = Debug|Win32
		{C2D06E4A-0B92-49DB-BAFA-0678A9D430F9}.Debug|x86.Build.0 = Debug|Win32
		{C2D06E4A-0B92-49DB-BAFA-0678A9D430F9}.Release|x64.ActiveCfg = Release|x64
		{C2D06E4A-0B92-49DB-BAFA-0678A9D430F9}.Release|x64.Build.0 = Release|x64
		{C2D06E4A-0B92-49DB-BAFA-0678A9D430F9}.Release|x86.ActiveCfg = Release|Win32
		{C2D06E4A-0B92-49DB-BAFA-0678A9D430F9}.Release|x86.Build.0 = Release|Win32
		{82D28C88-66D9-4C49-B687-5B7570CD1A7A}.Debug|x64.ActiveCfg = Debug|x64
		{82D28C88-66D9-4C49-B687-5B7570CD1A7A}.Debug|x64.Build.0 = Debug|x64
		{82D28C88-66D9-4C49-B687-5B7570CD1A7A}.Debug|x86.ActiveCfg = Debug|Win32
		{82D28C88-66D9-4C49-B687-5B7570CD1A7A}.Debug|x86.Build.0 = Debug|Win32
		{82D28C88-66D9-4C49-B687-5B7570CD1A7A}.Release|x64.ActiveCfg = Release|x64
		{82D28C88-66D9-4C49-B687-5B7570CD1A7A}.Release|x64.Build.0 = Release|x64
		{82D28C88-66D9-4C49-B687-5B7570CD1A7A}.Release|x86.ActiveCfg = Release|Win32
		{82D28C88-66D9-4C49-B687-5B7570CD1A7A}.Release|x86.Build.0 = Release|Win32
	EndGlobalSection
	GlobalSection(SolutionProperties) = preSolution
		HideSolutionNode = FALSE
	EndGlobalSection
	GlobalSection(ExtensibilityGlobals) = postSolution
		SolutionGuid = {936ECECD-8A08-4BD1-B6D2-25361D35D9EC}
	EndGlobalSection
EndGlobal
